
Microsoft Visual Studio Solution File, Format Version 12.00
# Visual Studio Version 16
VisualStudioVersion = 16.0.29418.71
MinimumVisualStudioVersion = 10.0.40219.1
Project("{FAE04EC0-301F-11D3-BF4B-00C04F79EFBC}") = "CSCourseLab", "CSCourseLab\CSCourseLab.csproj", "{D2C9BCDF-2486-41F7-AB37-18F276D73363}"
EndProject
Global
	GlobalSection(SolutionConfigurationPlatforms) = preSolution
		Debug|Any CPU = Debug|Any CPU
		Release|Any CPU = Release|Any CPU
	EndGlobalSection
	GlobalSection(ProjectConfigurationPlatforms) = postSolution
		{D2C9BCDF-2486-41F7-AB37-18F276D73363}.Debug|Any CPU.ActiveCfg = Debug|Any CPU
		{D2C9BCDF-2486-41F7-AB37-18F276D73363}.Debug|Any CPU.Build.0 = Debug|Any CPU
		{D2C9BCDF-2486-41F7-AB37-18F276D73363}.Release|Any CPU.ActiveCfg = Release|Any CPU
		{D2C9BCDF-2486-41F7-AB37-18F276D73363}.Release|Any CPU.Build.0 = Release|Any CPU
	EndGlobalSection
	GlobalSection(SolutionProperties) = preSolution
		HideSolutionNode = FALSE
	EndGlobalSection
	GlobalSection(ExtensibilityGlobals) = postSolution
		SolutionGuid = {7C6CA53E-4998-4690-B095-6C8B7672C871}
	EndGlobalSection
EndGlobal
